
Microsoft Visual Studio Solution File, Format Version 11.00
# Visual C++ Express 2010
Project("{8BC9CEB8-8B4A-11D0-8D11-00A0C91BC942}") = "HW05-TSPGraph-willartc", "HW05-TSPGraph-willartc\HW05-TSPGraph-willartc.vcxproj", "{C0D05E2F-050F-4C06-B6E9-A3399CA7AC5B}"
EndProject
Global
	GlobalSection(SolutionConfigurationPlatforms) = preSolution
		Debug|Win32 = Debug|Win32
		Release|Win32 = Release|Win32
	EndGlobalSection
	GlobalSection(ProjectConfigurationPlatforms) = postSolution
		{C0D05E2F-050F-4C06-B6E9-A3399CA7AC5B}.Debug|Win32.ActiveCfg = Debug|Win32
		{C0D05E2F-050F-4C06-B6E9-A3399CA7AC5B}.Debug|Win32.Build.0 = Debug|Win32
		{C0D05E2F-050F-4C06-B6E9-A3399CA7AC5B}.Release|Win32.ActiveCfg = Release|Win32
		{C0D05E2F-050F-4C06-B6E9-A3399CA7AC5B}.Release|Win32.Build.0 = Release|Win32
	EndGlobalSection
	GlobalSection(SolutionProperties) = preSolution
		HideSolutionNode = FALSE
	EndGlobalSection
EndGlobal
